// !$*UTF8*$!
{
	archiveVersion = 1;
	classes = {
	};
	objectVersion = 56;
	objects = {

/* Begin PBXBuildFile section */
		E35EB0962C33087500C82BF0 /* FetchCodingChallengeApp.swift in Sources */ = {isa = PBXBuildFile; fileRef = E35EB0952C33087500C82BF0 /* FetchCodingChallengeApp.swift */; };
		E35EB09A2C33087600C82BF0 /* Assets.xcassets in Resources */ = {isa = PBXBuildFile; fileRef = E35EB0992C33087600C82BF0 /* Assets.xcassets */; };
		E35EB09D2C33087600C82BF0 /* Preview Assets.xcassets in Resources */ = {isa = PBXBuildFile; fileRef = E35EB09C2C33087600C82BF0 /* Preview Assets.xcassets */; };
		E35EB0C52C330CC100C82BF0 /* HomeView.swift in Sources */ = {isa = PBXBuildFile; fileRef = E35EB0C42C330CC100C82BF0 /* HomeView.swift */; };
		E35EB0C82C330D3200C82BF0 /* Meal.swift in Sources */ = {isa = PBXBuildFile; fileRef = E35EB0C72C330D3200C82BF0 /* Meal.swift */; };
		E35EB0CB2C330D9B00C82BF0 /* MealsResponse.swift in Sources */ = {isa = PBXBuildFile; fileRef = E35EB0CA2C330D9B00C82BF0 /* MealsResponse.swift */; };
		E35EB0D02C330EEC00C82BF0 /* MealsService.swift in Sources */ = {isa = PBXBuildFile; fileRef = E35EB0CF2C330EEC00C82BF0 /* MealsService.swift */; };
		E35EB0D22C33109100C82BF0 /* MealDetails.swift in Sources */ = {isa = PBXBuildFile; fileRef = E35EB0D12C33109100C82BF0 /* MealDetails.swift */; };
		E35EB0E02C33187000C82BF0 /* Extension.swift in Sources */ = {isa = PBXBuildFile; fileRef = E35EB0DF2C33187000C82BF0 /* Extension.swift */; };
		E35EB0E22C331B9000C82BF0 /* MealDetailsResponse.swift in Sources */ = {isa = PBXBuildFile; fileRef = E35EB0E12C331B9000C82BF0 /* MealDetailsResponse.swift */; };
		E35EB0E42C331CD100C82BF0 /* MealDetailsView.swift in Sources */ = {isa = PBXBuildFile; fileRef = E35EB0E32C331CD100C82BF0 /* MealDetailsView.swift */; };
		E35EB0E62C331F3D00C82BF0 /* MealListItemView.swift in Sources */ = {isa = PBXBuildFile; fileRef = E35EB0E52C331F3D00C82BF0 /* MealListItemView.swift */; };
		E35EB0EA2C33544E00C82BF0 /* MealCategory.swift in Sources */ = {isa = PBXBuildFile; fileRef = E35EB0E92C33544E00C82BF0 /* MealCategory.swift */; };
		E35EB0EC2C3434D800C82BF0 /* HomeViewViewModelTest.swift in Sources */ = {isa = PBXBuildFile; fileRef = E35EB0EB2C3434D800C82BF0 /* HomeViewViewModelTest.swift */; };
		E35EB0F42C345EE300C82BF0 /* Meals.json in Resources */ = {isa = PBXBuildFile; fileRef = E35EB0F32C345EE300C82BF0 /* Meals.json */; };
		E35EB0F72C34632000C82BF0 /* HomeViewUITests.swift in Sources */ = {isa = PBXBuildFile; fileRef = E35EB0F62C34632000C82BF0 /* HomeViewUITests.swift */; };
		E35EB0FA2C34673100C82BF0 /* UITestingHelper.swift in Sources */ = {isa = PBXBuildFile; fileRef = E35EB0F92C34673100C82BF0 /* UITestingHelper.swift */; };
		E35EB0FC2C3468BF00C82BF0 /* MockMealsService.swift in Sources */ = {isa = PBXBuildFile; fileRef = E35EB0F12C34382800C82BF0 /* MockMealsService.swift */; };
/* End PBXBuildFile section */

/* Begin PBXContainerItemProxy section */
		E35EB0A32C33087600C82BF0 /* PBXContainerItemProxy */ = {
			isa = PBXContainerItemProxy;
			containerPortal = E35EB08A2C33087500C82BF0 /* Project object */;
			proxyType = 1;
			remoteGlobalIDString = E35EB0912C33087500C82BF0;
			remoteInfo = FetchCodingChallenge;
		};
		E35EB0AD2C33087600C82BF0 /* PBXContainerItemProxy */ = {
			isa = PBXContainerItemProxy;
			containerPortal = E35EB08A2C33087500C82BF0 /* Project object */;
			proxyType = 1;
			remoteGlobalIDString = E35EB0912C33087500C82BF0;
			remoteInfo = FetchCodingChallenge;
		};
/* End PBXContainerItemProxy section */

/* Begin PBXFileReference section */
		E35EB0922C33087500C82BF0 /* FetchCodingChallenge.app */ = {isa = PBXFileReference; explicitFileType = wrapper.application; includeInIndex = 0; path = FetchCodingChallenge.app; sourceTree = BUILT_PRODUCTS_DIR; };
		E35EB0952C33087500C82BF0 /* FetchCodingChallengeApp.swift */ = {isa = PBXFileReference; lastKnownFileType = sourcecode.swift; path = FetchCodingChallengeApp.swift; sourceTree = "<group>"; };
		E35EB0992C33087600C82BF0 /* Assets.xcassets */ = {isa = PBXFileReference; lastKnownFileType = folder.assetcatalog; path = Assets.xcassets; sourceTree = "<group>"; };
		E35EB09C2C33087600C82BF0 /* Preview Assets.xcassets */ = {isa = PBXFileReference; lastKnownFileType = folder.assetcatalog; path = "Preview Assets.xcassets"; sourceTree = "<group>"; };
		E35EB0A22C33087600C82BF0 /* FetchCodingChallengeTests.xctest */ = {isa = PBXFileReference; explicitFileType = wrapper.cfbundle; includeInIndex = 0; path = FetchCodingChallengeTests.xctest; sourceTree = BUILT_PRODUCTS_DIR; };
		E35EB0AC2C33087600C82BF0 /* FetchCodingChallengeUITests.xctest */ = {isa = PBXFileReference; explicitFileType = wrapper.cfbundle; includeInIndex = 0; path = FetchCodingChallengeUITests.xctest; sourceTree = BUILT_PRODUCTS_DIR; };
		E35EB0C42C330CC100C82BF0 /* HomeView.swift */ = {isa = PBXFileReference; lastKnownFileType = sourcecode.swift; path = HomeView.swift; sourceTree = "<group>"; };
		E35EB0C72C330D3200C82BF0 /* Meal.swift */ = {isa = PBXFileReference; lastKnownFileType = sourcecode.swift; path = Meal.swift; sourceTree = "<group>"; };
		E35EB0CA2C330D9B00C82BF0 /* MealsResponse.swift */ = {isa = PBXFileReference; lastKnownFileType = sourcecode.swift; path = MealsResponse.swift; sourceTree = "<group>"; };
		E35EB0CF2C330EEC00C82BF0 /* MealsService.swift */ = {isa = PBXFileReference; lastKnownFileType = sourcecode.swift; path = MealsService.swift; sourceTree = "<group>"; };
		E35EB0D12C33109100C82BF0 /* MealDetails.swift */ = {isa = PBXFileReference; lastKnownFileType = sourcecode.swift; path = MealDetails.swift; sourceTree = "<group>"; };
		E35EB0DF2C33187000C82BF0 /* Extension.swift */ = {isa = PBXFileReference; lastKnownFileType = sourcecode.swift; path = Extension.swift; sourceTree = "<group>"; };
		E35EB0E12C331B9000C82BF0 /* MealDetailsResponse.swift */ = {isa = PBXFileReference; lastKnownFileType = sourcecode.swift; path = MealDetailsResponse.swift; sourceTree = "<group>"; };
		E35EB0E32C331CD100C82BF0 /* MealDetailsView.swift */ = {isa = PBXFileReference; lastKnownFileType = sourcecode.swift; path = MealDetailsView.swift; sourceTree = "<group>"; };
		E35EB0E52C331F3D00C82BF0 /* MealListItemView.swift */ = {isa = PBXFileReference; lastKnownFileType = sourcecode.swift; path = MealListItemView.swift; sourceTree = "<group>"; };
		E35EB0E92C33544E00C82BF0 /* MealCategory.swift */ = {isa = PBXFileReference; lastKnownFileType = sourcecode.swift; path = MealCategory.swift; sourceTree = "<group>"; };
		E35EB0EB2C3434D800C82BF0 /* HomeViewViewModelTest.swift */ = {isa = PBXFileReference; lastKnownFileType = sourcecode.swift; path = HomeViewViewModelTest.swift; sourceTree = "<group>"; };
		E35EB0F12C34382800C82BF0 /* MockMealsService.swift */ = {isa = PBXFileReference; lastKnownFileType = sourcecode.swift; path = MockMealsService.swift; sourceTree = "<group>"; };
		E35EB0F32C345EE300C82BF0 /* Meals.json */ = {isa = PBXFileReference; lastKnownFileType = text.json; path = Meals.json; sourceTree = "<group>"; };
		E35EB0F62C34632000C82BF0 /* HomeViewUITests.swift */ = {isa = PBXFileReference; lastKnownFileType = sourcecode.swift; path = HomeViewUITests.swift; sourceTree = "<group>"; };
		E35EB0F92C34673100C82BF0 /* UITestingHelper.swift */ = {isa = PBXFileReference; lastKnownFileType = sourcecode.swift; path = UITestingHelper.swift; sourceTree = "<group>"; };
/* End PBXFileReference section */

/* Begin PBXFrameworksBuildPhase section */
		E35EB08F2C33087500C82BF0 /* Frameworks */ = {
			isa = PBXFrameworksBuildPhase;
			buildActionMask = 2147483647;
			files = (
			);
			runOnlyForDeploymentPostprocessing = 0;
		};
		E35EB09F2C33087600C82BF0 /* Frameworks */ = {
			isa = PBXFrameworksBuildPhase;
			buildActionMask = 2147483647;
			files = (
			);
			runOnlyForDeploymentPostprocessing = 0;
		};
		E35EB0A92C33087600C82BF0 /* Frameworks */ = {
			isa = PBXFrameworksBuildPhase;
			buildActionMask = 2147483647;
			files = (
			);
			runOnlyForDeploymentPostprocessing = 0;
		};
/* End PBXFrameworksBuildPhase section */

/* Begin PBXGroup section */
		E35EB0892C33087500C82BF0 = {
			isa = PBXGroup;
			children = (
				E35EB0942C33087500C82BF0 /* FetchCodingChallenge */,
				E35EB0A52C33087600C82BF0 /* FetchCodingChallengeTests */,
				E35EB0AF2C33087600C82BF0 /* FetchCodingChallengeUITests */,
				E35EB0932C33087500C82BF0 /* Products */,
			);
			sourceTree = "<group>";
		};
		E35EB0932C33087500C82BF0 /* Products */ = {
			isa = PBXGroup;
			children = (
				E35EB0922C33087500C82BF0 /* FetchCodingChallenge.app */,
				E35EB0A22C33087600C82BF0 /* FetchCodingChallengeTests.xctest */,
				E35EB0AC2C33087600C82BF0 /* FetchCodingChallengeUITests.xctest */,
			);
			name = Products;
			sourceTree = "<group>";
		};
		E35EB0942C33087500C82BF0 /* FetchCodingChallenge */ = {
			isa = PBXGroup;
			children = (
				E35EB0952C33087500C82BF0 /* FetchCodingChallengeApp.swift */,
				E35EB0FB2C3468B300C82BF0 /* Mocks */,
				E35EB0F82C34672500C82BF0 /* UITesting */,
				E35EB0F52C345EEB00C82BF0 /* Resources */,
				E35EB0C62C330D2700C82BF0 /* Model */,
				E35EB0C22C330C8D00C82BF0 /* Util */,
				E35EB0C12C330C7E00C82BF0 /* View */,
				E35EB0C02C33088C00C82BF0 /* Server */,
				E35EB0BF2C33088600C82BF0 /* Service */,
				E35EB09B2C33087600C82BF0 /* Preview Content */,
			);
			path = FetchCodingChallenge;
			sourceTree = "<group>";
		};
		E35EB09B2C33087600C82BF0 /* Preview Content */ = {
			isa = PBXGroup;
			children = (
				E35EB09C2C33087600C82BF0 /* Preview Assets.xcassets */,
			);
			path = "Preview Content";
			sourceTree = "<group>";
		};
		E35EB0A52C33087600C82BF0 /* FetchCodingChallengeTests */ = {
			isa = PBXGroup;
			children = (
				E35EB0ED2C34374000C82BF0 /* ViewModel */,
			);
			path = FetchCodingChallengeTests;
			sourceTree = "<group>";
		};
		E35EB0AF2C33087600C82BF0 /* FetchCodingChallengeUITests */ = {
			isa = PBXGroup;
			children = (
				E35EB0F62C34632000C82BF0 /* HomeViewUITests.swift */,
			);
			path = FetchCodingChallengeUITests;
			sourceTree = "<group>";
		};
		E35EB0BF2C33088600C82BF0 /* Service */ = {
			isa = PBXGroup;
			children = (
				E35EB0CF2C330EEC00C82BF0 /* MealsService.swift */,
			);
			path = Service;
			sourceTree = "<group>";
		};
		E35EB0C02C33088C00C82BF0 /* Server */ = {
			isa = PBXGroup;
			children = (
				E35EB0C92C330D9000C82BF0 /* Response */,
			);
			path = Server;
			sourceTree = "<group>";
		};
		E35EB0C12C330C7E00C82BF0 /* View */ = {
			isa = PBXGroup;
			children = (
				E35EB0C42C330CC100C82BF0 /* HomeView.swift */,
				E35EB0E32C331CD100C82BF0 /* MealDetailsView.swift */,
				E35EB0E52C331F3D00C82BF0 /* MealListItemView.swift */,
			);
			path = View;
			sourceTree = "<group>";
		};
		E35EB0C22C330C8D00C82BF0 /* Util */ = {
			isa = PBXGroup;
			children = (
				E35EB0DF2C33187000C82BF0 /* Extension.swift */,
			);
			path = Util;
			sourceTree = "<group>";
		};
		E35EB0C62C330D2700C82BF0 /* Model */ = {
			isa = PBXGroup;
			children = (
				E35EB0C72C330D3200C82BF0 /* Meal.swift */,
				E35EB0D12C33109100C82BF0 /* MealDetails.swift */,
				E35EB0E92C33544E00C82BF0 /* MealCategory.swift */,
			);
			path = Model;
			sourceTree = "<group>";
		};
		E35EB0C92C330D9000C82BF0 /* Response */ = {
			isa = PBXGroup;
			children = (
				E35EB0CA2C330D9B00C82BF0 /* MealsResponse.swift */,
				E35EB0E12C331B9000C82BF0 /* MealDetailsResponse.swift */,
			);
			path = Response;
			sourceTree = "<group>";
		};
		E35EB0ED2C34374000C82BF0 /* ViewModel */ = {
			isa = PBXGroup;
			children = (
				E35EB0EB2C3434D800C82BF0 /* HomeViewViewModelTest.swift */,
			);
			path = ViewModel;
			sourceTree = "<group>";
		};
		E35EB0EE2C3437DC00C82BF0 /* MockService */ = {
			isa = PBXGroup;
			children = (
				E35EB0F12C34382800C82BF0 /* MockMealsService.swift */,
			);
			path = MockService;
			sourceTree = "<group>";
		};
		E35EB0F52C345EEB00C82BF0 /* Resources */ = {
			isa = PBXGroup;
			children = (
				E35EB0992C33087600C82BF0 /* Assets.xcassets */,
				E35EB0F32C345EE300C82BF0 /* Meals.json */,
			);
			path = Resources;
			sourceTree = "<group>";
		};
		E35EB0F82C34672500C82BF0 /* UITesting */ = {
			isa = PBXGroup;
			children = (
				E35EB0F92C34673100C82BF0 /* UITestingHelper.swift */,
			);
			path = UITesting;
			sourceTree = "<group>";
		};
		E35EB0FB2C3468B300C82BF0 /* Mocks */ = {
			isa = PBXGroup;
			children = (
				E35EB0EE2C3437DC00C82BF0 /* MockService */,
			);
			path = Mocks;
			sourceTree = "<group>";
		};
/* End PBXGroup section */

/* Begin PBXNativeTarget section */
		E35EB0912C33087500C82BF0 /* FetchCodingChallenge */ = {
			isa = PBXNativeTarget;
			buildConfigurationList = E35EB0B62C33087600C82BF0 /* Build configuration list for PBXNativeTarget "FetchCodingChallenge" */;
			buildPhases = (
				E35EB08E2C33087500C82BF0 /* Sources */,
				E35EB08F2C33087500C82BF0 /* Frameworks */,
				E35EB0902C33087500C82BF0 /* Resources */,
			);
			buildRules = (
			);
			dependencies = (
			);
			name = FetchCodingChallenge;
			productName = FetchCodingChallenge;
			productReference = E35EB0922C33087500C82BF0 /* FetchCodingChallenge.app */;
			productType = "com.apple.product-type.application";
		};
		E35EB0A12C33087600C82BF0 /* FetchCodingChallengeTests */ = {
			isa = PBXNativeTarget;
			buildConfigurationList = E35EB0B92C33087600C82BF0 /* Build configuration list for PBXNativeTarget "FetchCodingChallengeTests" */;
			buildPhases = (
				E35EB09E2C33087600C82BF0 /* Sources */,
				E35EB09F2C33087600C82BF0 /* Frameworks */,
				E35EB0A02C33087600C82BF0 /* Resources */,
			);
			buildRules = (
			);
			dependencies = (
				E35EB0A42C33087600C82BF0 /* PBXTargetDependency */,
			);
			name = FetchCodingChallengeTests;
			productName = FetchCodingChallengeTests;
			productReference = E35EB0A22C33087600C82BF0 /* FetchCodingChallengeTests.xctest */;
			productType = "com.apple.product-type.bundle.unit-test";
		};
		E35EB0AB2C33087600C82BF0 /* FetchCodingChallengeUITests */ = {
			isa = PBXNativeTarget;
			buildConfigurationList = E35EB0BC2C33087600C82BF0 /* Build configuration list for PBXNativeTarget "FetchCodingChallengeUITests" */;
			buildPhases = (
				E35EB0A82C33087600C82BF0 /* Sources */,
				E35EB0A92C33087600C82BF0 /* Frameworks */,
				E35EB0AA2C33087600C82BF0 /* Resources */,
			);
			buildRules = (
			);
			dependencies = (
				E35EB0AE2C33087600C82BF0 /* PBXTargetDependency */,
			);
			name = FetchCodingChallengeUITests;
			productName = FetchCodingChallengeUITests;
			productReference = E35EB0AC2C33087600C82BF0 /* FetchCodingChallengeUITests.xctest */;
			productType = "com.apple.product-type.bundle.ui-testing";
		};
/* End PBXNativeTarget section */

/* Begin PBXProject section */
		E35EB08A2C33087500C82BF0 /* Project object */ = {
			isa = PBXProject;
			attributes = {
				BuildIndependentTargetsInParallel = 1;
				LastSwiftUpdateCheck = 1530;
				LastUpgradeCheck = 1530;
				TargetAttributes = {
					E35EB0912C33087500C82BF0 = {
						CreatedOnToolsVersion = 15.3;
					};
					E35EB0A12C33087600C82BF0 = {
						CreatedOnToolsVersion = 15.3;
						TestTargetID = E35EB0912C33087500C82BF0;
					};
					E35EB0AB2C33087600C82BF0 = {
						CreatedOnToolsVersion = 15.3;
						TestTargetID = E35EB0912C33087500C82BF0;
					};
				};
			};
			buildConfigurationList = E35EB08D2C33087500C82BF0 /* Build configuration list for PBXProject "FetchCodingChallenge" */;
			compatibilityVersion = "Xcode 14.0";
			developmentRegion = en;
			hasScannedForEncodings = 0;
			knownRegions = (
				en,
				Base,
			);
			mainGroup = E35EB0892C33087500C82BF0;
			productRefGroup = E35EB0932C33087500C82BF0 /* Products */;
			projectDirPath = "";
			projectRoot = "";
			targets = (
				E35EB0912C33087500C82BF0 /* FetchCodingChallenge */,
				E35EB0A12C33087600C82BF0 /* FetchCodingChallengeTests */,
				E35EB0AB2C33087600C82BF0 /* FetchCodingChallengeUITests */,
			);
		};
/* End PBXProject section */

/* Begin PBXResourcesBuildPhase section */
		E35EB0902C33087500C82BF0 /* Resources */ = {
			isa = PBXResourcesBuildPhase;
			buildActionMask = 2147483647;
			files = (
				E35EB09D2C33087600C82BF0 /* Preview Assets.xcassets in Resources */,
				E35EB09A2C33087600C82BF0 /* Assets.xcassets in Resources */,
				E35EB0F42C345EE300C82BF0 /* Meals.json in Resources */,
			);
			runOnlyForDeploymentPostprocessing = 0;
		};
		E35EB0A02C33087600C82BF0 /* Resources */ = {
			isa = PBXResourcesBuildPhase;
			buildActionMask = 2147483647;
			files = (
			);
			runOnlyForDeploymentPostprocessing = 0;
		};
		E35EB0AA2C33087600C82BF0 /* Resources */ = {
			isa = PBXResourcesBuildPhase;
			buildActionMask = 2147483647;
			files = (
			);
			runOnlyForDeploymentPostprocessing = 0;
		};
/* End PBXResourcesBuildPhase section */

/* Begin PBXSourcesBuildPhase section */
		E35EB08E2C33087500C82BF0 /* Sources */ = {
			isa = PBXSourcesBuildPhase;
			buildActionMask = 2147483647;
			files = (
				E35EB0C52C330CC100C82BF0 /* HomeView.swift in Sources */,
				E35EB0C82C330D3200C82BF0 /* Meal.swift in Sources */,
				E35EB0FC2C3468BF00C82BF0 /* MockMealsService.swift in Sources */,
				E35EB0D22C33109100C82BF0 /* MealDetails.swift in Sources */,
				E35EB0E62C331F3D00C82BF0 /* MealListItemView.swift in Sources */,
				E35EB0962C33087500C82BF0 /* FetchCodingChallengeApp.swift in Sources */,
				E35EB0E42C331CD100C82BF0 /* MealDetailsView.swift in Sources */,
				E35EB0E02C33187000C82BF0 /* Extension.swift in Sources */,
				E35EB0D02C330EEC00C82BF0 /* MealsService.swift in Sources */,
				E35EB0FA2C34673100C82BF0 /* UITestingHelper.swift in Sources */,
				E35EB0EA2C33544E00C82BF0 /* MealCategory.swift in Sources */,
				E35EB0CB2C330D9B00C82BF0 /* MealsResponse.swift in Sources */,
				E35EB0E22C331B9000C82BF0 /* MealDetailsResponse.swift in Sources */,
			);
			runOnlyForDeploymentPostprocessing = 0;
		};
		E35EB09E2C33087600C82BF0 /* Sources */ = {
			isa = PBXSourcesBuildPhase;
			buildActionMask = 2147483647;
			files = (
				E35EB0EC2C3434D800C82BF0 /* HomeViewViewModelTest.swift in Sources */,
			);
			runOnlyForDeploymentPostprocessing = 0;
		};
		E35EB0A82C33087600C82BF0 /* Sources */ = {
			isa = PBXSourcesBuildPhase;
			buildActionMask = 2147483647;
			files = (
				E35EB0F72C34632000C82BF0 /* HomeViewUITests.swift in Sources */,
			);
			runOnlyForDeploymentPostprocessing = 0;
		};
/* End PBXSourcesBuildPhase section */

/* Begin PBXTargetDependency section */
		E35EB0A42C33087600C82BF0 /* PBXTargetDependency */ = {
			isa = PBXTargetDependency;
			target = E35EB0912C33087500C82BF0 /* FetchCodingChallenge */;
			targetProxy = E35EB0A32C33087600C82BF0 /* PBXContainerItemProxy */;
		};
		E35EB0AE2C33087600C82BF0 /* PBXTargetDependency */ = {
			isa = PBXTargetDependency;
			target = E35EB0912C33087500C82BF0 /* FetchCodingChallenge */;
			targetProxy = E35EB0AD2C33087600C82BF0 /* PBXContainerItemProxy */;
		};
/* End PBXTargetDependency section */

/* Begin XCBuildConfiguration section */
		E35EB0B42C33087600C82BF0 /* Debug */ = {
			isa = XCBuildConfiguration;
			buildSettings = {
				ALWAYS_SEARCH_USER_PATHS = NO;
				ASSETCATALOG_COMPILER_GENERATE_SWIFT_ASSET_SYMBOL_EXTENSIONS = YES;
				CLANG_ANALYZER_NONNULL = YES;
				CLANG_ANALYZER_NUMBER_OBJECT_CONVERSION = YES_AGGRESSIVE;
				CLANG_CXX_LANGUAGE_STANDARD = "gnu++20";
				CLANG_ENABLE_MODULES = YES;
				CLANG_ENABLE_OBJC_ARC = YES;
				CLANG_ENABLE_OBJC_WEAK = YES;
				CLANG_WARN_BLOCK_CAPTURE_AUTORELEASING = YES;
				CLANG_WARN_BOOL_CONVERSION = YES;
				CLANG_WARN_COMMA = YES;
				CLANG_WARN_CONSTANT_CONVERSION = YES;
				CLANG_WARN_DEPRECATED_OBJC_IMPLEMENTATIONS = YES;
				CLANG_WARN_DIRECT_OBJC_ISA_USAGE = YES_ERROR;
				CLANG_WARN_DOCUMENTATION_COMMENTS = YES;
				CLANG_WARN_EMPTY_BODY = YES;
				CLANG_WARN_ENUM_CONVERSION = YES;
				CLANG_WARN_INFINITE_RECURSION = YES;
				CLANG_WARN_INT_CONVERSION = YES;
				CLANG_WARN_NON_LITERAL_NULL_CONVERSION = YES;
				CLANG_WARN_OBJC_IMPLICIT_RETAIN_SELF = YES;
				CLANG_WARN_OBJC_LITERAL_CONVERSION = YES;
				CLANG_WARN_OBJC_ROOT_CLASS = YES_ERROR;
				CLANG_WARN_QUOTED_INCLUDE_IN_FRAMEWORK_HEADER = YES;
				CLANG_WARN_RANGE_LOOP_ANALYSIS = YES;
				CLANG_WARN_STRICT_PROTOTYPES = YES;
				CLANG_WARN_SUSPICIOUS_MOVE = YES;
				CLANG_WARN_UNGUARDED_AVAILABILITY = YES_AGGRESSIVE;
				CLANG_WARN_UNREACHABLE_CODE = YES;
				CLANG_WARN__DUPLICATE_METHOD_MATCH = YES;
				COPY_PHASE_STRIP = NO;
				DEBUG_INFORMATION_FORMAT = dwarf;
				ENABLE_STRICT_OBJC_MSGSEND = YES;
				ENABLE_TESTABILITY = YES;
				ENABLE_USER_SCRIPT_SANDBOXING = YES;
				GCC_C_LANGUAGE_STANDARD = gnu17;
				GCC_DYNAMIC_NO_PIC = NO;
				GCC_NO_COMMON_BLOCKS = YES;
				GCC_OPTIMIZATION_LEVEL = 0;
				GCC_PREPROCESSOR_DEFINITIONS = (
					"DEBUG=1",
					"$(inherited)",
				);
				GCC_WARN_64_TO_32_BIT_CONVERSION = YES;
				GCC_WARN_ABOUT_RETURN_TYPE = YES_ERROR;
				GCC_WARN_UNDECLARED_SELECTOR = YES;
				GCC_WARN_UNINITIALIZED_AUTOS = YES_AGGRESSIVE;
				GCC_WARN_UNUSED_FUNCTION = YES;
				GCC_WARN_UNUSED_VARIABLE = YES;
				IPHONEOS_DEPLOYMENT_TARGET = 17.4;
				LOCALIZATION_PREFERS_STRING_CATALOGS = YES;
				MTL_ENABLE_DEBUG_INFO = INCLUDE_SOURCE;
				MTL_FAST_MATH = YES;
				ONLY_ACTIVE_ARCH = YES;
				SDKROOT = iphoneos;
				SWIFT_ACTIVE_COMPILATION_CONDITIONS = "DEBUG $(inherited)";
				SWIFT_OPTIMIZATION_LEVEL = "-Onone";
			};
			name = Debug;
		};
		E35EB0B52C33087600C82BF0 /* Release */ = {
			isa = XCBuildConfiguration;
			buildSettings = {
				ALWAYS_SEARCH_USER_PATHS = NO;
				ASSETCATALOG_COMPILER_GENERATE_SWIFT_ASSET_SYMBOL_EXTENSIONS = YES;
				CLANG_ANALYZER_NONNULL = YES;
				CLANG_ANALYZER_NUMBER_OBJECT_CONVERSION = YES_AGGRESSIVE;
				CLANG_CXX_LANGUAGE_STANDARD = "gnu++20";
				CLANG_ENABLE_MODULES = YES;
				CLANG_ENABLE_OBJC_ARC = YES;
				CLANG_ENABLE_OBJC_WEAK = YES;
				CLANG_WARN_BLOCK_CAPTURE_AUTORELEASING = YES;
				CLANG_WARN_BOOL_CONVERSION = YES;
				CLANG_WARN_COMMA = YES;
				CLANG_WARN_CONSTANT_CONVERSION = YES;
				CLANG_WARN_DEPRECATED_OBJC_IMPLEMENTATIONS = YES;
				CLANG_WARN_DIRECT_OBJC_ISA_USAGE = YES_ERROR;
				CLANG_WARN_DOCUMENTATION_COMMENTS = YES;
				CLANG_WARN_EMPTY_BODY = YES;
				CLANG_WARN_ENUM_CONVERSION = YES;
				CLANG_WARN_INFINITE_RECURSION = YES;
				CLANG_WARN_INT_CONVERSION = YES;
				CLANG_WARN_NON_LITERAL_NULL_CONVERSION = YES;
				CLANG_WARN_OBJC_IMPLICIT_RETAIN_SELF = YES;
				CLANG_WARN_OBJC_LITERAL_CONVERSION = YES;
				CLANG_WARN_OBJC_ROOT_CLASS = YES_ERROR;
				CLANG_WARN_QUOTED_INCLUDE_IN_FRAMEWORK_HEADER = YES;
				CLANG_WARN_RANGE_LOOP_ANALYSIS = YES;
				CLANG_WARN_STRICT_PROTOTYPES = YES;
				CLANG_WARN_SUSPICIOUS_MOVE = YES;
				CLANG_WARN_UNGUARDED_AVAILABILITY = YES_AGGRESSIVE;
				CLANG_WARN_UNREACHABLE_CODE = YES;
				CLANG_WARN__DUPLICATE_METHOD_MATCH = YES;
				COPY_PHASE_STRIP = NO;
				DEBUG_INFORMATION_FORMAT = "dwarf-with-dsym";
				ENABLE_NS_ASSERTIONS = NO;
				ENABLE_STRICT_OBJC_MSGSEND = YES;
				ENABLE_USER_SCRIPT_SANDBOXING = YES;
				GCC_C_LANGUAGE_STANDARD = gnu17;
				GCC_NO_COMMON_BLOCKS = YES;
				GCC_WARN_64_TO_32_BIT_CONVERSION = YES;
				GCC_WARN_ABOUT_RETURN_TYPE = YES_ERROR;
				GCC_WARN_UNDECLARED_SELECTOR = YES;
				GCC_WARN_UNINITIALIZED_AUTOS = YES_AGGRESSIVE;
				GCC_WARN_UNUSED_FUNCTION = YES;
				GCC_WARN_UNUSED_VARIABLE = YES;
				IPHONEOS_DEPLOYMENT_TARGET = 17.4;
				LOCALIZATION_PREFERS_STRING_CATALOGS = YES;
				MTL_ENABLE_DEBUG_INFO = NO;
				MTL_FAST_MATH = YES;
				SDKROOT = iphoneos;
				SWIFT_COMPILATION_MODE = wholemodule;
				VALIDATE_PRODUCT = YES;
			};
			name = Release;
		};
		E35EB0B72C33087600C82BF0 /* Debug */ = {
			isa = XCBuildConfiguration;
			buildSettings = {
				ASSETCATALOG_COMPILER_APPICON_NAME = AppIcon;
				ASSETCATALOG_COMPILER_GLOBAL_ACCENT_COLOR_NAME = AccentColor;
				CODE_SIGN_STYLE = Automatic;
				CURRENT_PROJECT_VERSION = 1;
				DEVELOPMENT_ASSET_PATHS = "\"FetchCodingChallenge/Preview Content\"";
				DEVELOPMENT_TEAM = 83NAZ65NDP;
				ENABLE_PREVIEWS = YES;
				GENERATE_INFOPLIST_FILE = YES;
				INFOPLIST_KEY_UIApplicationSceneManifest_Generation = YES;
				INFOPLIST_KEY_UIApplicationSupportsIndirectInputEvents = YES;
				INFOPLIST_KEY_UILaunchScreen_Generation = YES;
				INFOPLIST_KEY_UISupportedInterfaceOrientations_iPad = "UIInterfaceOrientationPortrait UIInterfaceOrientationPortraitUpsideDown UIInterfaceOrientationLandscapeLeft UIInterfaceOrientationLandscapeRight";
				INFOPLIST_KEY_UISupportedInterfaceOrientations_iPhone = "UIInterfaceOrientationPortrait UIInterfaceOrientationLandscapeLeft UIInterfaceOrientationLandscapeRight";
				LD_RUNPATH_SEARCH_PATHS = (
					"$(inherited)",
					"@executable_path/Frameworks",
				);
				MARKETING_VERSION = 1.0;
				PRODUCT_BUNDLE_IDENTIFIER = com.donovan.FetchCodingChallenge;
				PRODUCT_NAME = "$(TARGET_NAME)";
				SWIFT_EMIT_LOC_STRINGS = YES;
				SWIFT_VERSION = 5.0;
				TARGETED_DEVICE_FAMILY = "1,2";
			};
			name = Debug;
		};
		E35EB0B82C33087600C82BF0 /* Release */ = {
			isa = XCBuildConfiguration;
			buildSettings = {
				ASSETCATALOG_COMPILER_APPICON_NAME = AppIcon;
				ASSETCATALOG_COMPILER_GLOBAL_ACCENT_COLOR_NAME = AccentColor;
				CODE_SIGN_STYLE = Automatic;
				CURRENT_PROJECT_VERSION = 1;
				DEVELOPMENT_ASSET_PATHS = "\"FetchCodingChallenge/Preview Content\"";
				DEVELOPMENT_TEAM = 83NAZ65NDP;
				ENABLE_PREVIEWS = YES;
				GENERATE_INFOPLIST_FILE = YES;
				INFOPLIST_KEY_UIApplicationSceneManifest_Generation = YES;
				INFOPLIST_KEY_UIApplicationSupportsIndirectInputEvents = YES;
				INFOPLIST_KEY_UILaunchScreen_Generation = YES;
				INFOPLIST_KEY_UISupportedInterfaceOrientations_iPad = "UIInterfaceOrientationPortrait UIInterfaceOrientationPortraitUpsideDown UIInterfaceOrientationLandscapeLeft UIInterfaceOrientationLandscapeRight";
				INFOPLIST_KEY_UISupportedInterfaceOrientations_iPhone = "UIInterfaceOrientationPortrait UIInterfaceOrientationLandscapeLeft UIInterfaceOrientationLandscapeRight";
				LD_RUNPATH_SEARCH_PATHS = (
					"$(inherited)",
					"@executable_path/Frameworks",
				);
				MARKETING_VERSION = 1.0;
				PRODUCT_BUNDLE_IDENTIFIER = com.donovan.FetchCodingChallenge;
				PRODUCT_NAME = "$(TARGET_NAME)";
				SWIFT_EMIT_LOC_STRINGS = YES;
				SWIFT_VERSION = 5.0;
				TARGETED_DEVICE_FAMILY = "1,2";
			};
			name = Release;
		};
		E35EB0BA2C33087600C82BF0 /* Debug */ = {
			isa = XCBuildConfiguration;
			buildSettings = {
				ALWAYS_EMBED_SWIFT_STANDARD_LIBRARIES = YES;
				BUNDLE_LOADER = "$(TEST_HOST)";
				CODE_SIGN_STYLE = Automatic;
				CURRENT_PROJECT_VERSION = 1;
				DEVELOPMENT_TEAM = 83NAZ65NDP;
				GENERATE_INFOPLIST_FILE = YES;
				IPHONEOS_DEPLOYMENT_TARGET = 17.4;
				MARKETING_VERSION = 1.0;
				PRODUCT_BUNDLE_IDENTIFIER = com.donovan.FetchCodingChallengeTests;
				PRODUCT_NAME = "$(TARGET_NAME)";
				SWIFT_EMIT_LOC_STRINGS = NO;
				SWIFT_VERSION = 5.0;
				TARGETED_DEVICE_FAMILY = "1,2";
				TEST_HOST = "$(BUILT_PRODUCTS_DIR)/FetchCodingChallenge.app/$(BUNDLE_EXECUTABLE_FOLDER_PATH)/FetchCodingChallenge";
			};
			name = Debug;
		};
		E35EB0BB2C33087600C82BF0 /* Release */ = {
			isa = XCBuildConfiguration;
			buildSettings = {
				ALWAYS_EMBED_SWIFT_STANDARD_LIBRARIES = YES;
				BUNDLE_LOADER = "$(TEST_HOST)";
				CODE_SIGN_STYLE = Automatic;
				CURRENT_PROJECT_VERSION = 1;
				DEVELOPMENT_TEAM = 83NAZ65NDP;
				GENERATE_INFOPLIST_FILE = YES;
				IPHONEOS_DEPLOYMENT_TARGET = 17.4;
				MARKETING_VERSION = 1.0;
				PRODUCT_BUNDLE_IDENTIFIER = com.donovan.FetchCodingChallengeTests;
				PRODUCT_NAME = "$(TARGET_NAME)";
				SWIFT_EMIT_LOC_STRINGS = NO;
				SWIFT_VERSION = 5.0;
				TARGETED_DEVICE_FAMILY = "1,2";
				TEST_HOST = "$(BUILT_PRODUCTS_DIR)/FetchCodingChallenge.app/$(BUNDLE_EXECUTABLE_FOLDER_PATH)/FetchCodingChallenge";
			};
			name = Release;
		};
		E35EB0BD2C33087600C82BF0 /* Debug */ = {
			isa = XCBuildConfiguration;
			buildSettings = {
				ALWAYS_EMBED_SWIFT_STANDARD_LIBRARIES = YES;
				CODE_SIGN_STYLE = Automatic;
				CURRENT_PROJECT_VERSION = 1;
				DEVELOPMENT_TEAM = 83NAZ65NDP;
				GENERATE_INFOPLIST_FILE = YES;
				MARKETING_VERSION = 1.0;
				PRODUCT_BUNDLE_IDENTIFIER = com.donovan.FetchCodingChallengeUITests;
				PRODUCT_NAME = "$(TARGET_NAME)";
				SWIFT_EMIT_LOC_STRINGS = NO;
				SWIFT_VERSION = 5.0;
				TARGETED_DEVICE_FAMILY = "1,2";
				TEST_TARGET_NAME = FetchCodingChallenge;
			};
			name = Debug;
		};
		E35EB0BE2C33087600C82BF0 /* Release */ = {
			isa = XCBuildConfiguration;
			buildSettings = {
				ALWAYS_EMBED_SWIFT_STANDARD_LIBRARIES = YES;
				CODE_SIGN_STYLE = Automatic;
				CURRENT_PROJECT_VERSION = 1;
				DEVELOPMENT_TEAM = 83NAZ65NDP;
				GENERATE_INFOPLIST_FILE = YES;
				MARKETING_VERSION = 1.0;
				PRODUCT_BUNDLE_IDENTIFIER = com.donovan.FetchCodingChallengeUITests;
				PRODUCT_NAME = "$(TARGET_NAME)";
				SWIFT_EMIT_LOC_STRINGS = NO;
				SWIFT_VERSION = 5.0;
				TARGETED_DEVICE_FAMILY = "1,2";
				TEST_TARGET_NAME = FetchCodingChallenge;
			};
			name = Release;
		};
/* End XCBuildConfiguration section */

/* Begin XCConfigurationList section */
		E35EB08D2C33087500C82BF0 /* Build configuration list for PBXProject "FetchCodingChallenge" */ = {
			isa = XCConfigurationList;
			buildConfigurations = (
				E35EB0B42C33087600C82BF0 /* Debug */,
				E35EB0B52C33087600C82BF0 /* Release */,
			);
			defaultConfigurationIsVisible = 0;
			defaultConfigurationName = Release;
		};
		E35EB0B62C33087600C82BF0 /* Build configuration list for PBXNativeTarget "FetchCodingChallenge" */ = {
			isa = XCConfigurationList;
			buildConfigurations = (
				E35EB0B72C33087600C82BF0 /* Debug */,
				E35EB0B82C33087600C82BF0 /* Release */,
			);
			defaultConfigurationIsVisible = 0;
			defaultConfigurationName = Release;
		};
		E35EB0B92C33087600C82BF0 /* Build configuration list for PBXNativeTarget "FetchCodingChallengeTests" */ = {
			isa = XCConfigurationList;
			buildConfigurations = (
				E35EB0BA2C33087600C82BF0 /* Debug */,
				E35EB0BB2C33087600C82BF0 /* Release */,
			);
			defaultConfigurationIsVisible = 0;
			defaultConfigurationName = Release;
		};
		E35EB0BC2C33087600C82BF0 /* Build configuration list for PBXNativeTarget "FetchCodingChallengeUITests" */ = {
			isa = XCConfigurationList;
			buildConfigurations = (
				E35EB0BD2C33087600C82BF0 /* Debug */,
				E35EB0BE2C33087600C82BF0 /* Release */,
			);
			defaultConfigurationIsVisible = 0;
			defaultConfigurationName = Release;
		};
/* End XCConfigurationList section */
	};
	rootObject = E35EB08A2C33087500C82BF0 /* Project object */;
}
